
Microsoft Visual Studio Solution File, Format Version 12.00
# Visual Studio Version 16
VisualStudioVersion = 16.0.32602.290
MinimumVisualStudioVersion = 10.0.40219.1
Project("{FAE04EC0-301F-11D3-BF4B-00C04F79EFBC}") = "Tema3-FormularioStackPanel", "Tema3-FormularioStackPanel\Tema3-FormularioStackPanel.csproj", "{2D1AB7F0-CA5A-4F3B-905B-8A7609F9B432}"
EndProject
Global
	GlobalSection(SolutionConfigurationPlatforms) = preSolution
		Debug|Any CPU = Debug|Any CPU
		Release|Any CPU = Release|Any CPU
	EndGlobalSection
	GlobalSection(ProjectConfigurationPlatforms) = postSolution
		{2D1AB7F0-CA5A-4F3B-905B-8A7609F9B432}.Debug|Any CPU.ActiveCfg = Debug|Any CPU
		{2D1AB7F0-CA5A-4F3B-905B-8A7609F9B432}.Debug|Any CPU.Build.0 = Debug|Any CPU
		{2D1AB7F0-CA5A-4F3B-905B-8A7609F9B432}.Release|Any CPU.ActiveCfg = Release|Any CPU
		{2D1AB7F0-CA5A-4F3B-905B-8A7609F9B432}.Release|Any CPU.Build.0 = Release|Any CPU
	EndGlobalSection
	GlobalSection(SolutionProperties) = preSolution
		HideSolutionNode = FALSE
	EndGlobalSection
	GlobalSection(ExtensibilityGlobals) = postSolution
		SolutionGuid = {4A952204-16A6-49BD-A889-E30F856AD2D8}
	EndGlobalSection
EndGlobal
